dependencies:
- name: helm-product
  repository: oci://ghcr.io/onecx/charts
  version: 0.2.0
- name: onecx-help-svc
  repository: oci://ghcr.io/onecx/charts
  version: 0.0.0-rc.46
- name: onecx-help-bff
  repository: oci://ghcr.io/onecx/charts
  version: 0.0.0-rc.41
- name: onecx-help-ui
  repository: oci://ghcr.io/onecx/charts
  version: 0.0.0-rc.54
digest: sha256:b92becc13bca349581445159fb0348350896b00c2f00194665640f07e40eeb83
generated: "2024-08-09T18:21:55.47567734Z"
