dependencies:
- name: helm-product
  repository: oci://ghcr.io/onecx/charts
  version: 0.4.0
- name: onecx-help-svc
  repository: oci://ghcr.io/onecx/charts
  version: 1.9.0-rc.10
- name: onecx-help-bff
  repository: oci://ghcr.io/onecx/charts
  version: 1.9.0-rc.10
- name: onecx-help-ui
  repository: oci://ghcr.io/onecx/charts
  version: 1.8.0-rc.11
digest: sha256:0e9ce48fe041512255c1b93ea7b21bf7ae96e43f06c0e2afad5eb6857a525280
generated: "2026-04-09T05:18:57.618071994Z"
