dependencies:
- name: helm-product
  repository: oci://ghcr.io/onecx/charts
  version: 0.4.0
- name: onecx-help-svc
  repository: oci://ghcr.io/onecx/charts
  version: 1.9.0-rc.4
- name: onecx-help-bff
  repository: oci://ghcr.io/onecx/charts
  version: 1.9.0-rc.4
- name: onecx-help-ui
  repository: oci://ghcr.io/onecx/charts
  version: 1.8.0-rc.2
digest: sha256:e558d8fda8de6d68c3321b87c2d1a745b662eb3aa080ddcc60e59f8a514bb84d
generated: "2026-02-20T06:17:18.057280317Z"
